// !$*UTF8*$!
{
	archiveVersion = 1;
	classes = {
	};
	objectVersion = 56;
	objects = {

/* Begin PBXBuildFile section */
		6588AC8E2BA2B3B2006025D0 /* BGUtility in Frameworks */ = {isa = PBXBuildFile; productRef = 6588AC8D2BA2B3B2006025D0 /* BGUtility */; };
		6588AC922BA2D53E006025D0 /* SwiftyBeaver in Frameworks */ = {isa = PBXBuildFile; productRef = 6588AC912BA2D53E006025D0 /* SwiftyBeaver */; };
		6588AC942BA2D5C6006025D0 /* BGLogger.swift in Sources */ = {isa = PBXBuildFile; fileRef = 6588AC932BA2D5C6006025D0 /* BGLogger.swift */; };
		6588AC962BA2DBA4006025D0 /* ContentViewModel.swift in Sources */ = {isa = PBXBuildFile; fileRef = 6588AC952BA2DBA4006025D0 /* ContentViewModel.swift */; };
		6588AC992BA2DF29006025D0 /* Swinject in Frameworks */ = {isa = PBXBuildFile; productRef = 6588AC982BA2DF29006025D0 /* Swinject */; };
		6588AC9B2BA2F23E006025D0 /* Injection.swift in Sources */ = {isa = PBXBuildFile; fileRef = 6588AC9A2BA2F23E006025D0 /* Injection.swift */; };
		6588ACAE2BA2FA8A006025D0 /* BhagavadGita-Dev.xcconfig in Resources */ = {isa = PBXBuildFile; fileRef = 6588ACAD2BA2FA8A006025D0 /* BhagavadGita-Dev.xcconfig */; };
		6588ACB02BA2FAA1006025D0 /* BhagavadGita-QA.xcconfig in Resources */ = {isa = PBXBuildFile; fileRef = 6588ACAF2BA2FAA1006025D0 /* BhagavadGita-QA.xcconfig */; };
		6588ACB22BA2FAB4006025D0 /* BhagavadGita-Prod.xcconfig in Resources */ = {isa = PBXBuildFile; fileRef = 6588ACB12BA2FAB4006025D0 /* BhagavadGita-Prod.xcconfig */; };
		6588ACB52BA2FC04006025D0 /* ConfigurationManager.swift in Sources */ = {isa = PBXBuildFile; fileRef = 6588ACB42BA2FC03006025D0 /* ConfigurationManager.swift */; };
		6588ACB82BA327CD006025D0 /* FirebaseAnalytics in Frameworks */ = {isa = PBXBuildFile; productRef = 6588ACB72BA327CD006025D0 /* FirebaseAnalytics */; };
		6588ACBA2BA327CD006025D0 /* FirebaseCrashlytics in Frameworks */ = {isa = PBXBuildFile; productRef = 6588ACB92BA327CD006025D0 /* FirebaseCrashlytics */; };
		6588ACC72BA422D9006025D0 /* FirebaseAnalyticsManager.swift in Sources */ = {isa = PBXBuildFile; fileRef = 6588ACC62BA422D9006025D0 /* FirebaseAnalyticsManager.swift */; };
		6588ACC92BA424E0006025D0 /* AnalyticsManager.swift in Sources */ = {isa = PBXBuildFile; fileRef = 6588ACC82BA424E0006025D0 /* AnalyticsManager.swift */; };
		6588ACCB2BA80959006025D0 /* Localizable.xcstrings in Resources */ = {isa = PBXBuildFile; fileRef = 6588ACCA2BA80959006025D0 /* Localizable.xcstrings */; };
		6588ACCE2BA80A09006025D0 /* Localized+Extenstion.swift in Sources */ = {isa = PBXBuildFile; fileRef = 6588ACCD2BA80A09006025D0 /* Localized+Extenstion.swift */; };
		6588ACD12BA80A51006025D0 /* StringConstants.swift in Sources */ = {isa = PBXBuildFile; fileRef = 6588ACD02BA80A51006025D0 /* StringConstants.swift */; };
		6588ACD82BA80BB1006025D0 /* OnBoardingView.swift in Sources */ = {isa = PBXBuildFile; fileRef = 6588ACD72BA80BB1006025D0 /* OnBoardingView.swift */; };
		6588ACDA2BA80BBF006025D0 /* OnBoardingViewModel.swift in Sources */ = {isa = PBXBuildFile; fileRef = 6588ACD92BA80BBF006025D0 /* OnBoardingViewModel.swift */; };
		6588ACDC2BA80BD4006025D0 /* OnBoardingModel.swift in Sources */ = {isa = PBXBuildFile; fileRef = 6588ACDB2BA80BD4006025D0 /* OnBoardingModel.swift */; };
		6588ACDF2BA80CA8006025D0 /* OnBoarding.json in Resources */ = {isa = PBXBuildFile; fileRef = 6588ACDE2BA80CA8006025D0 /* OnBoarding.json */; };
		6588ACE12BA812A1006025D0 /* LocalJsonLoader.swift in Sources */ = {isa = PBXBuildFile; fileRef = 6588ACE02BA812A1006025D0 /* LocalJsonLoader.swift */; };
		6588ACE32BA81C90006025D0 /* PageControl.swift in Sources */ = {isa = PBXBuildFile; fileRef = 6588ACE22BA81C90006025D0 /* PageControl.swift */; };
		6588ACE52BA84B7D006025D0 /* OnBoardingInteriorView.swift in Sources */ = {isa = PBXBuildFile; fileRef = 6588ACE42BA84B7D006025D0 /* OnBoardingInteriorView.swift */; };
		65BB94DE2BA1D39100776ABC /* BhagavadGitaApp.swift in Sources */ = {isa = PBXBuildFile; fileRef = 65BB94DD2BA1D39100776ABC /* BhagavadGitaApp.swift */; };
		65BB94E02BA1D39100776ABC /* ContentView.swift in Sources */ = {isa = PBXBuildFile; fileRef = 65BB94DF2BA1D39100776ABC /* ContentView.swift */; };
		65BB94E22BA1D39400776ABC /* Assets.xcassets in Resources */ = {isa = PBXBuildFile; fileRef = 65BB94E12BA1D39400776ABC /* Assets.xcassets */; };
		65BB94E52BA1D39400776ABC /* Preview Assets.xcassets in Resources */ = {isa = PBXBuildFile; fileRef = 65BB94E42BA1D39400776ABC /* Preview Assets.xcassets */; };
		65BB94EF2BA1D39500776ABC /* BhagavadGitaTests.swift in Sources */ = {isa = PBXBuildFile; fileRef = 65BB94EE2BA1D39500776ABC /* BhagavadGitaTests.swift */; };
		65BB94F92BA1D39500776ABC /* BhagavadGitaUITests.swift in Sources */ = {isa = PBXBuildFile; fileRef = 65BB94F82BA1D39500776ABC /* BhagavadGitaUITests.swift */; };
		65BB94FB2BA1D39500776ABC /* BhagavadGitaUITestsLaunchTests.swift in Sources */ = {isa = PBXBuildFile; fileRef = 65BB94FA2BA1D39500776ABC /* BhagavadGitaUITestsLaunchTests.swift */; };
/* End PBXBuildFile section */

/* Begin PBXContainerItemProxy section */
		65BB94EB2BA1D39500776ABC /* PBXContainerItemProxy */ = {
			isa = PBXContainerItemProxy;
			containerPortal = 65BB94D22BA1D39000776ABC /* Project object */;
			proxyType = 1;
			remoteGlobalIDString = 65BB94D92BA1D39100776ABC;
			remoteInfo = BhagavadGita;
		};
		65BB94F52BA1D39500776ABC /* PBXContainerItemProxy */ = {
			isa = PBXContainerItemProxy;
			containerPortal = 65BB94D22BA1D39000776ABC /* Project object */;
			proxyType = 1;
			remoteGlobalIDString = 65BB94D92BA1D39100776ABC;
			remoteInfo = BhagavadGita;
		};
/* End PBXContainerItemProxy section */

/* Begin PBXFileReference section */
		6588AC932BA2D5C6006025D0 /* BGLogger.swift */ = {isa = PBXFileReference; lastKnownFileType = sourcecode.swift; path = BGLogger.swift; sourceTree = "<group>"; };
		6588AC952BA2DBA4006025D0 /* ContentViewModel.swift */ = {isa = PBXFileReference; lastKnownFileType = sourcecode.swift; path = ContentViewModel.swift; sourceTree = "<group>"; };
		6588AC9A2BA2F23E006025D0 /* Injection.swift */ = {isa = PBXFileReference; lastKnownFileType = sourcecode.swift; path = Injection.swift; sourceTree = "<group>"; };
		6588ACAD2BA2FA8A006025D0 /* BhagavadGita-Dev.xcconfig */ = {isa = PBXFileReference; lastKnownFileType = text.xcconfig; path = "BhagavadGita-Dev.xcconfig"; sourceTree = "<group>"; };
		6588ACAF2BA2FAA1006025D0 /* BhagavadGita-QA.xcconfig */ = {isa = PBXFileReference; lastKnownFileType = text.xcconfig; path = "BhagavadGita-QA.xcconfig"; sourceTree = "<group>"; };
		6588ACB12BA2FAB4006025D0 /* BhagavadGita-Prod.xcconfig */ = {isa = PBXFileReference; lastKnownFileType = text.xcconfig; path = "BhagavadGita-Prod.xcconfig"; sourceTree = "<group>"; };
		6588ACB32BA2FB9A006025D0 /* Info.plist */ = {isa = PBXFileReference; lastKnownFileType = text.plist; path = Info.plist; sourceTree = "<group>"; };
		6588ACB42BA2FC03006025D0 /* ConfigurationManager.swift */ = {isa = PBXFileReference; lastKnownFileType = sourcecode.swift; path = ConfigurationManager.swift; sourceTree = "<group>"; };
		6588ACBF2BA328D6006025D0 /* GoogleService-Info.plist */ = {isa = PBXFileReference; lastKnownFileType = text.plist.xml; path = "GoogleService-Info.plist"; sourceTree = "<group>"; };
		6588ACC12BA32903006025D0 /* GoogleService-Info.plist */ = {isa = PBXFileReference; fileEncoding = 4; lastKnownFileType = text.plist.xml; path = "GoogleService-Info.plist"; sourceTree = "<group>"; };
		6588ACC42BA32C59006025D0 /* GoogleService-Info.plist */ = {isa = PBXFileReference; fileEncoding = 4; lastKnownFileType = text.plist.xml; path = "GoogleService-Info.plist"; sourceTree = "<group>"; };
		6588ACC62BA422D9006025D0 /* FirebaseAnalyticsManager.swift */ = {isa = PBXFileReference; lastKnownFileType = sourcecode.swift; path = FirebaseAnalyticsManager.swift; sourceTree = "<group>"; };
		6588ACC82BA424E0006025D0 /* AnalyticsManager.swift */ = {isa = PBXFileReference; lastKnownFileType = sourcecode.swift; path = AnalyticsManager.swift; sourceTree = "<group>"; };
		6588ACCA2BA80959006025D0 /* Localizable.xcstrings */ = {isa = PBXFileReference; lastKnownFileType = text.json.xcstrings; path = Localizable.xcstrings; sourceTree = "<group>"; };
		6588ACCD2BA80A09006025D0 /* Localized+Extenstion.swift */ = {isa = PBXFileReference; lastKnownFileType = sourcecode.swift; path = "Localized+Extenstion.swift"; sourceTree = "<group>"; };
		6588ACD02BA80A51006025D0 /* StringConstants.swift */ = {isa = PBXFileReference; lastKnownFileType = sourcecode.swift; path = StringConstants.swift; sourceTree = "<group>"; };
		6588ACD72BA80BB1006025D0 /* OnBoardingView.swift */ = {isa = PBXFileReference; lastKnownFileType = sourcecode.swift; path = OnBoardingView.swift; sourceTree = "<group>"; };
		6588ACD92BA80BBF006025D0 /* OnBoardingViewModel.swift */ = {isa = PBXFileReference; lastKnownFileType = sourcecode.swift; path = OnBoardingViewModel.swift; sourceTree = "<group>"; };
		6588ACDB2BA80BD4006025D0 /* OnBoardingModel.swift */ = {isa = PBXFileReference; lastKnownFileType = sourcecode.swift; path = OnBoardingModel.swift; sourceTree = "<group>"; };
		6588ACDE2BA80CA8006025D0 /* OnBoarding.json */ = {isa = PBXFileReference; lastKnownFileType = text.json; path = OnBoarding.json; sourceTree = "<group>"; };
		6588ACE02BA812A1006025D0 /* LocalJsonLoader.swift */ = {isa = PBXFileReference; lastKnownFileType = sourcecode.swift; path = LocalJsonLoader.swift; sourceTree = "<group>"; };
		6588ACE22BA81C90006025D0 /* PageControl.swift */ = {isa = PBXFileReference; lastKnownFileType = sourcecode.swift; path = PageControl.swift; sourceTree = "<group>"; };
		6588ACE42BA84B7D006025D0 /* OnBoardingInteriorView.swift */ = {isa = PBXFileReference; lastKnownFileType = sourcecode.swift; path = OnBoardingInteriorView.swift; sourceTree = "<group>"; };
		65BB94DA2BA1D39100776ABC /* BhagavadGita.app */ = {isa = PBXFileReference; explicitFileType = wrapper.application; includeInIndex = 0; path = BhagavadGita.app; sourceTree = BUILT_PRODUCTS_DIR; };
		65BB94DD2BA1D39100776ABC /* BhagavadGitaApp.swift */ = {isa = PBXFileReference; lastKnownFileType = sourcecode.swift; path = BhagavadGitaApp.swift; sourceTree = "<group>"; };
		65BB94DF2BA1D39100776ABC /* ContentView.swift */ = {isa = PBXFileReference; lastKnownFileType = sourcecode.swift; path = ContentView.swift; sourceTree = "<group>"; };
		65BB94E12BA1D39400776ABC /* Assets.xcassets */ = {isa = PBXFileReference; lastKnownFileType = folder.assetcatalog; path = Assets.xcassets; sourceTree = "<group>"; };
		65BB94E42BA1D39400776ABC /* Preview Assets.xcassets */ = {isa = PBXFileReference; lastKnownFileType = folder.assetcatalog; path = "Preview Assets.xcassets"; sourceTree = "<group>"; };
		65BB94EA2BA1D39500776ABC /* BhagavadGitaTests.xctest */ = {isa = PBXFileReference; explicitFileType = wrapper.cfbundle; includeInIndex = 0; path = BhagavadGitaTests.xctest; sourceTree = BUILT_PRODUCTS_DIR; };
		65BB94EE2BA1D39500776ABC /* BhagavadGitaTests.swift */ = {isa = PBXFileReference; lastKnownFileType = sourcecode.swift; path = BhagavadGitaTests.swift; sourceTree = "<group>"; };
		65BB94F42BA1D39500776ABC /* BhagavadGitaUITests.xctest */ = {isa = PBXFileReference; explicitFileType = wrapper.cfbundle; includeInIndex = 0; path = BhagavadGitaUITests.xctest; sourceTree = BUILT_PRODUCTS_DIR; };
		65BB94F82BA1D39500776ABC /* BhagavadGitaUITests.swift */ = {isa = PBXFileReference; lastKnownFileType = sourcecode.swift; path = BhagavadGitaUITests.swift; sourceTree = "<group>"; };
		65BB94FA2BA1D39500776ABC /* BhagavadGitaUITestsLaunchTests.swift */ = {isa = PBXFileReference; lastKnownFileType = sourcecode.swift; path = BhagavadGitaUITestsLaunchTests.swift; sourceTree = "<group>"; };
/* End PBXFileReference section */

/* Begin PBXFrameworksBuildPhase section */
		65BB94D72BA1D39100776ABC /* Frameworks */ = {
			isa = PBXFrameworksBuildPhase;
			buildActionMask = 2147483647;
			files = (
				6588AC8E2BA2B3B2006025D0 /* BGUtility in Frameworks */,
				6588AC922BA2D53E006025D0 /* SwiftyBeaver in Frameworks */,
				6588ACBA2BA327CD006025D0 /* FirebaseCrashlytics in Frameworks */,
				6588ACB82BA327CD006025D0 /* FirebaseAnalytics in Frameworks */,
				6588AC992BA2DF29006025D0 /* Swinject in Frameworks */,
			);
			runOnlyForDeploymentPostprocessing = 0;
		};
		65BB94E72BA1D39500776ABC /* Frameworks */ = {
			isa = PBXFrameworksBuildPhase;
			buildActionMask = 2147483647;
			files = (
			);
			runOnlyForDeploymentPostprocessing = 0;
		};
		65BB94F12BA1D39500776ABC /* Frameworks */ = {
			isa = PBXFrameworksBuildPhase;
			buildActionMask = 2147483647;
			files = (
			);
			runOnlyForDeploymentPostprocessing = 0;
		};
/* End PBXFrameworksBuildPhase section */

/* Begin PBXGroup section */
		6588ACAC2BA2FA4C006025D0 /* Configration */ = {
			isa = PBXGroup;
			children = (
				6588ACAD2BA2FA8A006025D0 /* BhagavadGita-Dev.xcconfig */,
				6588ACAF2BA2FAA1006025D0 /* BhagavadGita-QA.xcconfig */,
				6588ACB12BA2FAB4006025D0 /* BhagavadGita-Prod.xcconfig */,
				6588ACB42BA2FC03006025D0 /* ConfigurationManager.swift */,
			);
			path = Configration;
			sourceTree = "<group>";
		};
		6588ACBB2BA3284D006025D0 /* Firebase */ = {
			isa = PBXGroup;
			children = (
				6588ACBE2BA32864006025D0 /* Prod */,
				6588ACBD2BA3285E006025D0 /* QA */,
				6588ACBC2BA32856006025D0 /* Dev */,
			);
			path = Firebase;
			sourceTree = "<group>";
		};
		6588ACBC2BA32856006025D0 /* Dev */ = {
			isa = PBXGroup;
			children = (
				6588ACC12BA32903006025D0 /* GoogleService-Info.plist */,
			);
			path = Dev;
			sourceTree = "<group>";
		};
		6588ACBD2BA3285E006025D0 /* QA */ = {
			isa = PBXGroup;
			children = (
				6588ACC42BA32C59006025D0 /* GoogleService-Info.plist */,
			);
			path = QA;
			sourceTree = "<group>";
		};
		6588ACBE2BA32864006025D0 /* Prod */ = {
			isa = PBXGroup;
			children = (
				6588ACBF2BA328D6006025D0 /* GoogleService-Info.plist */,
			);
			path = Prod;
			sourceTree = "<group>";
		};
		6588ACCC2BA809B9006025D0 /* Extenstion */ = {
			isa = PBXGroup;
			children = (
				6588ACCD2BA80A09006025D0 /* Localized+Extenstion.swift */,
			);
			path = Extenstion;
			sourceTree = "<group>";
		};
		6588ACCF2BA80A32006025D0 /* Constants */ = {
			isa = PBXGroup;
			children = (
				6588ACD02BA80A51006025D0 /* StringConstants.swift */,
			);
			path = Constants;
			sourceTree = "<group>";
		};
		6588ACD22BA80B71006025D0 /* UI */ = {
			isa = PBXGroup;
			children = (
				6588ACD32BA80B7A006025D0 /* OnBoarding */,
			);
			path = UI;
			sourceTree = "<group>";
		};
		6588ACD32BA80B7A006025D0 /* OnBoarding */ = {
			isa = PBXGroup;
			children = (
				6588ACD62BA80B95006025D0 /* Model */,
				6588ACD52BA80B8D006025D0 /* ViewModel */,
				6588ACD42BA80B86006025D0 /* View */,
			);
			path = OnBoarding;
			sourceTree = "<group>";
		};
		6588ACD42BA80B86006025D0 /* View */ = {
			isa = PBXGroup;
			children = (
				6588ACD72BA80BB1006025D0 /* OnBoardingView.swift */,
				6588ACE42BA84B7D006025D0 /* OnBoardingInteriorView.swift */,
			);
			path = View;
			sourceTree = "<group>";
		};
		6588ACD52BA80B8D006025D0 /* ViewModel */ = {
			isa = PBXGroup;
			children = (
				6588ACD92BA80BBF006025D0 /* OnBoardingViewModel.swift */,
			);
			path = ViewModel;
			sourceTree = "<group>";
		};
		6588ACD62BA80B95006025D0 /* Model */ = {
			isa = PBXGroup;
			children = (
				6588ACDB2BA80BD4006025D0 /* OnBoardingModel.swift */,
			);
			path = Model;
			sourceTree = "<group>";
		};
		6588ACDD2BA80C86006025D0 /* Utils */ = {
			isa = PBXGroup;
			children = (
				6588ACDE2BA80CA8006025D0 /* OnBoarding.json */,
				6588ACE02BA812A1006025D0 /* LocalJsonLoader.swift */,
				6588ACE22BA81C90006025D0 /* PageControl.swift */,
			);
			path = Utils;
			sourceTree = "<group>";
		};
		65BB94D12BA1D39000776ABC = {
			isa = PBXGroup;
			children = (
				65BB94DC2BA1D39100776ABC /* BhagavadGita */,
				65BB94ED2BA1D39500776ABC /* BhagavadGitaTests */,
				65BB94F72BA1D39500776ABC /* BhagavadGitaUITests */,
				65BB94DB2BA1D39100776ABC /* Products */,
			);
			sourceTree = "<group>";
		};
		65BB94DB2BA1D39100776ABC /* Products */ = {
			isa = PBXGroup;
			children = (
				65BB94DA2BA1D39100776ABC /* BhagavadGita.app */,
				65BB94EA2BA1D39500776ABC /* BhagavadGitaTests.xctest */,
				65BB94F42BA1D39500776ABC /* BhagavadGitaUITests.xctest */,
			);
			name = Products;
			sourceTree = "<group>";
		};
		65BB94DC2BA1D39100776ABC /* BhagavadGita */ = {
			isa = PBXGroup;
			children = (
				6588ACDD2BA80C86006025D0 /* Utils */,
				6588ACD22BA80B71006025D0 /* UI */,
				6588ACCF2BA80A32006025D0 /* Constants */,
				6588ACCC2BA809B9006025D0 /* Extenstion */,
				6588ACBB2BA3284D006025D0 /* Firebase */,
				6588ACB32BA2FB9A006025D0 /* Info.plist */,
				6588ACAC2BA2FA4C006025D0 /* Configration */,
				65BB94DD2BA1D39100776ABC /* BhagavadGitaApp.swift */,
				65BB94DF2BA1D39100776ABC /* ContentView.swift */,
				6588AC952BA2DBA4006025D0 /* ContentViewModel.swift */,
				65BB94E12BA1D39400776ABC /* Assets.xcassets */,
				65BB94E32BA1D39400776ABC /* Preview Content */,
				6588AC932BA2D5C6006025D0 /* BGLogger.swift */,
				6588AC9A2BA2F23E006025D0 /* Injection.swift */,
				6588ACC62BA422D9006025D0 /* FirebaseAnalyticsManager.swift */,
				6588ACC82BA424E0006025D0 /* AnalyticsManager.swift */,
				6588ACCA2BA80959006025D0 /* Localizable.xcstrings */,
			);
			path = BhagavadGita;
			sourceTree = "<group>";
		};
		65BB94E32BA1D39400776ABC /* Preview Content */ = {
			isa = PBXGroup;
			children = (
				65BB94E42BA1D39400776ABC /* Preview Assets.xcassets */,
			);
			path = "Preview Content";
			sourceTree = "<group>";
		};
		65BB94ED2BA1D39500776ABC /* BhagavadGitaTests */ = {
			isa = PBXGroup;
			children = (
				65BB94EE2BA1D39500776ABC /* BhagavadGitaTests.swift */,
			);
			path = BhagavadGitaTests;
			sourceTree = "<group>";
		};
		65BB94F72BA1D39500776ABC /* BhagavadGitaUITests */ = {
			isa = PBXGroup;
			children = (
				65BB94F82BA1D39500776ABC /* BhagavadGitaUITests.swift */,
				65BB94FA2BA1D39500776ABC /* BhagavadGitaUITestsLaunchTests.swift */,
			);
			path = BhagavadGitaUITests;
			sourceTree = "<group>";
		};
/* End PBXGroup section */

/* Begin PBXNativeTarget section */
		65BB94D92BA1D39100776ABC /* BhagavadGita */ = {
			isa = PBXNativeTarget;
			buildConfigurationList = 65BB94FE2BA1D39500776ABC /* Build configuration list for PBXNativeTarget "BhagavadGita" */;
			buildPhases = (
				65BB94D62BA1D39100776ABC /* Sources */,
				65BB94D72BA1D39100776ABC /* Frameworks */,
				65BB94D82BA1D39100776ABC /* Resources */,
				6588AC8F2BA2D1EC006025D0 /* Swiftlint */,
				6588ACC32BA32B4F006025D0 /* Google Analytics Run Script */,
			);
			buildRules = (
			);
			dependencies = (
			);
			name = BhagavadGita;
			packageProductDependencies = (
				6588AC8D2BA2B3B2006025D0 /* BGUtility */,
				6588AC912BA2D53E006025D0 /* SwiftyBeaver */,
				6588AC982BA2DF29006025D0 /* Swinject */,
				6588ACB72BA327CD006025D0 /* FirebaseAnalytics */,
				6588ACB92BA327CD006025D0 /* FirebaseCrashlytics */,
			);
			productName = BhagavadGita;
			productReference = 65BB94DA2BA1D39100776ABC /* BhagavadGita.app */;
			productType = "com.apple.product-type.application";
		};
		65BB94E92BA1D39500776ABC /* BhagavadGitaTests */ = {
			isa = PBXNativeTarget;
			buildConfigurationList = 65BB95012BA1D39500776ABC /* Build configuration list for PBXNativeTarget "BhagavadGitaTests" */;
			buildPhases = (
				65BB94E62BA1D39500776ABC /* Sources */,
				65BB94E72BA1D39500776ABC /* Frameworks */,
				65BB94E82BA1D39500776ABC /* Resources */,
			);
			buildRules = (
			);
			dependencies = (
				65BB94EC2BA1D39500776ABC /* PBXTargetDependency */,
			);
			name = BhagavadGitaTests;
			productName = BhagavadGitaTests;
			productReference = 65BB94EA2BA1D39500776ABC /* BhagavadGitaTests.xctest */;
			productType = "com.apple.product-type.bundle.unit-test";
		};
		65BB94F32BA1D39500776ABC /* BhagavadGitaUITests */ = {
			isa = PBXNativeTarget;
			buildConfigurationList = 65BB95042BA1D39500776ABC /* Build configuration list for PBXNativeTarget "BhagavadGitaUITests" */;
			buildPhases = (
				65BB94F02BA1D39500776ABC /* Sources */,
				65BB94F12BA1D39500776ABC /* Frameworks */,
				65BB94F22BA1D39500776ABC /* Resources */,
			);
			buildRules = (
			);
			dependencies = (
				65BB94F62BA1D39500776ABC /* PBXTargetDependency */,
			);
			name = BhagavadGitaUITests;
			productName = BhagavadGitaUITests;
			productReference = 65BB94F42BA1D39500776ABC /* BhagavadGitaUITests.xctest */;
			productType = "com.apple.product-type.bundle.ui-testing";
		};
/* End PBXNativeTarget section */

/* Begin PBXProject section */
		65BB94D22BA1D39000776ABC /* Project object */ = {
			isa = PBXProject;
			attributes = {
				BuildIndependentTargetsInParallel = 1;
				LastSwiftUpdateCheck = 1530;
				LastUpgradeCheck = 1530;
				TargetAttributes = {
					65BB94D92BA1D39100776ABC = {
						CreatedOnToolsVersion = 15.3;
					};
					65BB94E92BA1D39500776ABC = {
						CreatedOnToolsVersion = 15.3;
						TestTargetID = 65BB94D92BA1D39100776ABC;
					};
					65BB94F32BA1D39500776ABC = {
						CreatedOnToolsVersion = 15.3;
						TestTargetID = 65BB94D92BA1D39100776ABC;
					};
				};
			};
			buildConfigurationList = 65BB94D52BA1D39000776ABC /* Build configuration list for PBXProject "BhagavadGita" */;
			compatibilityVersion = "Xcode 14.0";
			developmentRegion = en;
			hasScannedForEncodings = 0;
			knownRegions = (
				en,
				Base,
			);
			mainGroup = 65BB94D12BA1D39000776ABC;
			packageReferences = (
				6588AC8C2BA2B29C006025D0 /* XCRemoteSwiftPackageReference "BGUtility" */,
				6588AC902BA2D53E006025D0 /* XCRemoteSwiftPackageReference "SwiftyBeaver" */,
				6588AC972BA2DF29006025D0 /* XCRemoteSwiftPackageReference "Swinject" */,
				6588ACB62BA327CD006025D0 /* XCRemoteSwiftPackageReference "firebase-ios-sdk" */,
			);
			productRefGroup = 65BB94DB2BA1D39100776ABC /* Products */;
			projectDirPath = "";
			projectRoot = "";
			targets = (
				65BB94D92BA1D39100776ABC /* BhagavadGita */,
				65BB94E92BA1D39500776ABC /* BhagavadGitaTests */,
				65BB94F32BA1D39500776ABC /* BhagavadGitaUITests */,
			);
		};
/* End PBXProject section */

/* Begin PBXResourcesBuildPhase section */
		65BB94D82BA1D39100776ABC /* Resources */ = {
			isa = PBXResourcesBuildPhase;
			buildActionMask = 2147483647;
			files = (
				6588ACB22BA2FAB4006025D0 /* BhagavadGita-Prod.xcconfig in Resources */,
				6588ACDF2BA80CA8006025D0 /* OnBoarding.json in Resources */,
				65BB94E52BA1D39400776ABC /* Preview Assets.xcassets in Resources */,
				6588ACCB2BA80959006025D0 /* Localizable.xcstrings in Resources */,
				6588ACB02BA2FAA1006025D0 /* BhagavadGita-QA.xcconfig in Resources */,
				65BB94E22BA1D39400776ABC /* Assets.xcassets in Resources */,
				6588ACAE2BA2FA8A006025D0 /* BhagavadGita-Dev.xcconfig in Resources */,
			);
			runOnlyForDeploymentPostprocessing = 0;
		};
		65BB94E82BA1D39500776ABC /* Resources */ = {
			isa = PBXResourcesBuildPhase;
			buildActionMask = 2147483647;
			files = (
			);
			runOnlyForDeploymentPostprocessing = 0;
		};
		65BB94F22BA1D39500776ABC /* Resources */ = {
			isa = PBXResourcesBuildPhase;
			buildActionMask = 2147483647;
			files = (
			);
			runOnlyForDeploymentPostprocessing = 0;
		};
/* End PBXResourcesBuildPhase section */

/* Begin PBXShellScriptBuildPhase section */
		6588AC8F2BA2D1EC006025D0 /* Swiftlint */ = {
			isa = PBXShellScriptBuildPhase;
			alwaysOutOfDate = 1;
			buildActionMask = 2147483647;
			files = (
			);
			inputFileListPaths = (
			);
			inputPaths = (
			);
			name = Swiftlint;
			outputFileListPaths = (
			);
			outputPaths = (
			);
			runOnlyForDeploymentPostprocessing = 0;
			shellPath = /bin/sh;
			shellScript = "if [[ \"$(uname -m)\" == arm64 ]]; then\n    export PATH=\"/opt/homebrew/bin:$PATH\"\nfi\n\nif which swiftlint > /dev/null; then\n  swiftlint --fix && swiftlint\nelse\n  echo \"warning: SwiftLint not installed, download from https://github.com/realm/SwiftLint\"\nfi\n";
		};
		6588ACC32BA32B4F006025D0 /* Google Analytics Run Script */ = {
			isa = PBXShellScriptBuildPhase;
			buildActionMask = 2147483647;
			files = (
			);
			inputFileListPaths = (
			);
			inputPaths = (
			);
			name = "Google Analytics Run Script";
			outputFileListPaths = (
			);
			outputPaths = (
			);
			runOnlyForDeploymentPostprocessing = 0;
			shellPath = /bin/sh;
			shellScript = "# Name of the resource we're selectively copying\nGOOGLESERVICE_INFO_PLIST=GoogleService-Info.plist\n\n# Get references to dev and prod versions of the GoogleService-Info.plist\n# NOTE: These should only live on the file system and should NOT be part of the target (since we'll be adding them to the target manually)\nGOOGLESERVICE_INFO_DEV=${PROJECT_DIR}/${TARGET_NAME}/Firebase/Dev/${GOOGLESERVICE_INFO_PLIST}\nGOOGLESERVICE_INFO_PROD=${PROJECT_DIR}/${TARGET_NAME}/Firebase/Prod/${GOOGLESERVICE_INFO_PLIST}\nGOOGLESERVICE_INFO_QA=${PROJECT_DIR}/${TARGET_NAME}/Firebase/QA/${GOOGLESERVICE_INFO_PLIST}\n\n# Make sure the dev version of GoogleService-Info.plist exists\necho \"Looking for ${GOOGLESERVICE_INFO_PLIST} in ${GOOGLESERVICE_INFO_DEV}\"\nif [ ! -f $GOOGLESERVICE_INFO_DEV ]\nthen\n    echo \"No Development GoogleService-Info.plist found. Please ensure it's in the proper directory.\"\n    exit 1\nfi\n\n# Make sure the prod version of GoogleService-Info.plist exists\necho \"Looking for ${GOOGLESERVICE_INFO_PLIST} in ${GOOGLESERVICE_INFO_PROD}\"\nif [ ! -f $GOOGLESERVICE_INFO_PROD ]\nthen\n    echo \"No Production GoogleService-Info.plist found. Please ensure it's in the proper directory.\"\n    exit 1\nfi\n\n# Make sure the qa version of GoogleService-Info.plist exists\necho \"Looking for ${GOOGLESERVICE_INFO_PLIST} in ${GOOGLESERVICE_INFO_QA}\"\nif [ ! -f $GOOGLESERVICE_INFO_QA ]\nthen\n    echo \"No QA GoogleService-Info.plist found. Please ensure it's in the proper directory.\"\n    exit 1\nfi\n\n# Get a reference to the destination location for the GoogleService-Info.plist\nPLIST_DESTINATION=${BUILT_PRODUCTS_DIR}/${PRODUCT_NAME}.app\necho \"Will copy ${GOOGLESERVICE_INFO_PLIST} to final destination: ${PLIST_DESTINATION}\"\n\n# Copy over the prod GoogleService-Info.plist for Release builds\nif [ \"${CONFIGURATION}\" == \"Debug-Prod\" ]\nthen\n    echo \"Using ${GOOGLESERVICE_INFO_PROD}\"\n    cp \"${GOOGLESERVICE_INFO_PROD}\" \"${PLIST_DESTINATION}\"\nelif [ \"${CONFIGURATION}\" == \"Debug-QA\" ]\nthen\n    echo \"Using ${GOOGLESERVICE_INFO_QA}\"\n    cp \"${GOOGLESERVICE_INFO_QA}\" \"${PLIST_DESTINATION}\"\nelse\n    echo \"Using ${GOOGLESERVICE_INFO_DEV}\"\n    cp \"${GOOGLESERVICE_INFO_DEV}\" \"${PLIST_DESTINATION}\"\nfi\n";
		};
/* End PBXShellScriptBuildPhase section */

/* Begin PBXSourcesBuildPhase section */
		65BB94D62BA1D39100776ABC /* Sources */ = {
			isa = PBXSourcesBuildPhase;
			buildActionMask = 2147483647;
			files = (
				6588AC9B2BA2F23E006025D0 /* Injection.swift in Sources */,
				6588ACE52BA84B7D006025D0 /* OnBoardingInteriorView.swift in Sources */,
				6588ACDC2BA80BD4006025D0 /* OnBoardingModel.swift in Sources */,
				6588ACCE2BA80A09006025D0 /* Localized+Extenstion.swift in Sources */,
				6588AC962BA2DBA4006025D0 /* ContentViewModel.swift in Sources */,
				6588ACE12BA812A1006025D0 /* LocalJsonLoader.swift in Sources */,
				6588ACE32BA81C90006025D0 /* PageControl.swift in Sources */,
				6588ACDA2BA80BBF006025D0 /* OnBoardingViewModel.swift in Sources */,
				6588ACB52BA2FC04006025D0 /* ConfigurationManager.swift in Sources */,
				6588ACC72BA422D9006025D0 /* FirebaseAnalyticsManager.swift in Sources */,
				6588ACD82BA80BB1006025D0 /* OnBoardingView.swift in Sources */,
				6588ACC92BA424E0006025D0 /* AnalyticsManager.swift in Sources */,
				65BB94E02BA1D39100776ABC /* ContentView.swift in Sources */,
				65BB94DE2BA1D39100776ABC /* BhagavadGitaApp.swift in Sources */,
				6588ACD12BA80A51006025D0 /* StringConstants.swift in Sources */,
				6588AC942BA2D5C6006025D0 /* BGLogger.swift in Sources */,
			);
			runOnlyForDeploymentPostprocessing = 0;
		};
		65BB94E62BA1D39500776ABC /* Sources */ = {
			isa = PBXSourcesBuildPhase;
			buildActionMask = 2147483647;
			files = (
				65BB94EF2BA1D39500776ABC /* BhagavadGitaTests.swift in Sources */,
			);
			runOnlyForDeploymentPostprocessing = 0;
		};
		65BB94F02BA1D39500776ABC /* Sources */ = {
			isa = PBXSourcesBuildPhase;
			buildActionMask = 2147483647;
			files = (
				65BB94F92BA1D39500776ABC /* BhagavadGitaUITests.swift in Sources */,
				65BB94FB2BA1D39500776ABC /* BhagavadGitaUITestsLaunchTests.swift in Sources */,
			);
			runOnlyForDeploymentPostprocessing = 0;
		};
/* End PBXSourcesBuildPhase section */

/* Begin PBXTargetDependency section */
		65BB94EC2BA1D39500776ABC /* PBXTargetDependency */ = {
			isa = PBXTargetDependency;
			target = 65BB94D92BA1D39100776ABC /* BhagavadGita */;
			targetProxy = 65BB94EB2BA1D39500776ABC /* PBXContainerItemProxy */;
		};
		65BB94F62BA1D39500776ABC /* PBXTargetDependency */ = {
			isa = PBXTargetDependency;
			target = 65BB94D92BA1D39100776ABC /* BhagavadGita */;
			targetProxy = 65BB94F52BA1D39500776ABC /* PBXContainerItemProxy */;
		};
/* End PBXTargetDependency section */

/* Begin XCBuildConfiguration section */
		6588AC9C2BA2F8B3006025D0 /* Debug-QA */ = {
			isa = XCBuildConfiguration;
			baseConfigurationReference = 6588ACAF2BA2FAA1006025D0 /* BhagavadGita-QA.xcconfig */;
			buildSettings = {
				ALWAYS_SEARCH_USER_PATHS = NO;
				ASSETCATALOG_COMPILER_GENERATE_SWIFT_ASSET_SYMBOL_EXTENSIONS = YES;
				CLANG_ANALYZER_NONNULL = YES;
				CLANG_ANALYZER_NUMBER_OBJECT_CONVERSION = YES_AGGRESSIVE;
				CLANG_CXX_LANGUAGE_STANDARD = "gnu++20";
				CLANG_ENABLE_MODULES = YES;
				CLANG_ENABLE_OBJC_ARC = YES;
				CLANG_ENABLE_OBJC_WEAK = YES;
				CLANG_WARN_BLOCK_CAPTURE_AUTORELEASING = YES;
				CLANG_WARN_BOOL_CONVERSION = YES;
				CLANG_WARN_COMMA = YES;
				CLANG_WARN_CONSTANT_CONVERSION = YES;
				CLANG_WARN_DEPRECATED_OBJC_IMPLEMENTATIONS = YES;
				CLANG_WARN_DIRECT_OBJC_ISA_USAGE = YES_ERROR;
				CLANG_WARN_DOCUMENTATION_COMMENTS = YES;
				CLANG_WARN_EMPTY_BODY = YES;
				CLANG_WARN_ENUM_CONVERSION = YES;
				CLANG_WARN_INFINITE_RECURSION = YES;
				CLANG_WARN_INT_CONVERSION = YES;
				CLANG_WARN_NON_LITERAL_NULL_CONVERSION = YES;
				CLANG_WARN_OBJC_IMPLICIT_RETAIN_SELF = YES;
				CLANG_WARN_OBJC_LITERAL_CONVERSION = YES;
				CLANG_WARN_OBJC_ROOT_CLASS = YES_ERROR;
				CLANG_WARN_QUOTED_INCLUDE_IN_FRAMEWORK_HEADER = YES;
				CLANG_WARN_RANGE_LOOP_ANALYSIS = YES;
				CLANG_WARN_STRICT_PROTOTYPES = YES;
				CLANG_WARN_SUSPICIOUS_MOVE = YES;
				CLANG_WARN_UNGUARDED_AVAILABILITY = YES_AGGRESSIVE;
				CLANG_WARN_UNREACHABLE_CODE = YES;
				CLANG_WARN__DUPLICATE_METHOD_MATCH = YES;
				COPY_PHASE_STRIP = NO;
				DEBUG_INFORMATION_FORMAT = dwarf;
				ENABLE_STRICT_OBJC_MSGSEND = YES;
				ENABLE_TESTABILITY = YES;
				ENABLE_USER_SCRIPT_SANDBOXING = NO;
				GCC_C_LANGUAGE_STANDARD = gnu17;
				GCC_DYNAMIC_NO_PIC = NO;
				GCC_NO_COMMON_BLOCKS = YES;
				GCC_OPTIMIZATION_LEVEL = 0;
				GCC_PREPROCESSOR_DEFINITIONS = (
					"DEBUG=1",
					"$(inherited)",
				);
				GCC_WARN_64_TO_32_BIT_CONVERSION = YES;
				GCC_WARN_ABOUT_RETURN_TYPE = YES_ERROR;
				GCC_WARN_UNDECLARED_SELECTOR = YES;
				GCC_WARN_UNINITIALIZED_AUTOS = YES_AGGRESSIVE;
				GCC_WARN_UNUSED_FUNCTION = YES;
				GCC_WARN_UNUSED_VARIABLE = YES;
				IPHONEOS_DEPLOYMENT_TARGET = 17.4;
				LOCALIZATION_PREFERS_STRING_CATALOGS = YES;
				MTL_ENABLE_DEBUG_INFO = INCLUDE_SOURCE;
				MTL_FAST_MATH = YES;
				ONLY_ACTIVE_ARCH = YES;
				SDKROOT = iphoneos;
				SWIFT_ACTIVE_COMPILATION_CONDITIONS = "DEBUG QA $(inherited)";
				SWIFT_OPTIMIZATION_LEVEL = "-Onone";
			};
			name = "Debug-QA";
		};
		6588AC9D2BA2F8B3006025D0 /* Debug-QA */ = {
			isa = XCBuildConfiguration;
			buildSettings = {
				ASSETCATALOG_COMPILER_APPICON_NAME = AppIcon;
				ASSETCATALOG_COMPILER_GLOBAL_ACCENT_COLOR_NAME = AccentColor;
				CODE_SIGN_STYLE = Automatic;
				CURRENT_PROJECT_VERSION = 1;
				DEVELOPMENT_ASSET_PATHS = "\"BhagavadGita/Preview Content\"";
				DEVELOPMENT_TEAM = ZGQ7UMT9VT;
				ENABLE_PREVIEWS = YES;
				ENABLE_USER_SCRIPT_SANDBOXING = NO;
				GENERATE_INFOPLIST_FILE = YES;
				INFOPLIST_FILE = BhagavadGita/Info.plist;
				INFOPLIST_KEY_CFBundleDisplayName = "BG-QA";
				INFOPLIST_KEY_UIApplicationSceneManifest_Generation = YES;
				INFOPLIST_KEY_UIApplicationSupportsIndirectInputEvents = YES;
				INFOPLIST_KEY_UILaunchScreen_Generation = YES;
				INFOPLIST_KEY_UISupportedInterfaceOrientations_iPad = "UIInterfaceOrientationPortrait UIInterfaceOrientationPortraitUpsideDown UIInterfaceOrientationLandscapeLeft UIInterfaceOrientationLandscapeRight";
				INFOPLIST_KEY_UISupportedInterfaceOrientations_iPhone = "UIInterfaceOrientationPortrait UIInterfaceOrientationLandscapeLeft UIInterfaceOrientationLandscapeRight";
				LD_RUNPATH_SEARCH_PATHS = (
					"$(inherited)",
					"@executable_path/Frameworks",
				);
				MARKETING_VERSION = 1.0;
				PRODUCT_BUNDLE_IDENTIFIER = com.ltts.BhagavadGita.qa;
				PRODUCT_NAME = "$(TARGET_NAME)";
				SWIFT_ACTIVE_COMPILATION_CONDITIONS = "DEBUG QA $(inherited)";
				SWIFT_EMIT_LOC_STRINGS = YES;
				SWIFT_VERSION = 5.0;
				TARGETED_DEVICE_FAMILY = "1,2";
			};
			name = "Debug-QA";
		};
		6588AC9E2BA2F8B3006025D0 /* Debug-QA */ = {
			isa = XCBuildConfiguration;
			buildSettings = {
				ALWAYS_EMBED_SWIFT_STANDARD_LIBRARIES = YES;
				BUNDLE_LOADER = "$(TEST_HOST)";
				CODE_SIGN_STYLE = Automatic;
				CURRENT_PROJECT_VERSION = 1;
				DEVELOPMENT_TEAM = ZGQ7UMT9VT;
				GENERATE_INFOPLIST_FILE = YES;
				IPHONEOS_DEPLOYMENT_TARGET = 17.4;
				MARKETING_VERSION = 1.0;
				PRODUCT_BUNDLE_IDENTIFIER = com.ltts.BhagavadGitaTests;
				PRODUCT_NAME = "$(TARGET_NAME)";
				SWIFT_EMIT_LOC_STRINGS = NO;
				SWIFT_VERSION = 5.0;
				TARGETED_DEVICE_FAMILY = "1,2";
				TEST_HOST = "$(BUILT_PRODUCTS_DIR)/BhagavadGita.app/$(BUNDLE_EXECUTABLE_FOLDER_PATH)/BhagavadGita";
			};
			name = "Debug-QA";
		};
		6588AC9F2BA2F8B3006025D0 /* Debug-QA */ = {
			isa = XCBuildConfiguration;
			buildSettings = {
				ALWAYS_EMBED_SWIFT_STANDARD_LIBRARIES = YES;
				CODE_SIGN_STYLE = Automatic;
				CURRENT_PROJECT_VERSION = 1;
				DEVELOPMENT_TEAM = ZGQ7UMT9VT;
				GENERATE_INFOPLIST_FILE = YES;
				MARKETING_VERSION = 1.0;
				PRODUCT_BUNDLE_IDENTIFIER = com.ltts.BhagavadGitaUITests;
				PRODUCT_NAME = "$(TARGET_NAME)";
				SWIFT_EMIT_LOC_STRINGS = NO;
				SWIFT_VERSION = 5.0;
				TARGETED_DEVICE_FAMILY = "1,2";
				TEST_TARGET_NAME = BhagavadGita;
			};
			name = "Debug-QA";
		};
		6588ACA02BA2F8BE006025D0 /* Debug-Prod */ = {
			isa = XCBuildConfiguration;
			baseConfigurationReference = 6588ACB12BA2FAB4006025D0 /* BhagavadGita-Prod.xcconfig */;
			buildSettings = {
				ALWAYS_SEARCH_USER_PATHS = NO;
				ASSETCATALOG_COMPILER_GENERATE_SWIFT_ASSET_SYMBOL_EXTENSIONS = YES;
				CLANG_ANALYZER_NONNULL = YES;
				CLANG_ANALYZER_NUMBER_OBJECT_CONVERSION = YES_AGGRESSIVE;
				CLANG_CXX_LANGUAGE_STANDARD = "gnu++20";
				CLANG_ENABLE_MODULES = YES;
				CLANG_ENABLE_OBJC_ARC = YES;
				CLANG_ENABLE_OBJC_WEAK = YES;
				CLANG_WARN_BLOCK_CAPTURE_AUTORELEASING = YES;
				CLANG_WARN_BOOL_CONVERSION = YES;
				CLANG_WARN_COMMA = YES;
				CLANG_WARN_CONSTANT_CONVERSION = YES;
				CLANG_WARN_DEPRECATED_OBJC_IMPLEMENTATIONS = YES;
				CLANG_WARN_DIRECT_OBJC_ISA_USAGE = YES_ERROR;
				CLANG_WARN_DOCUMENTATION_COMMENTS = YES;
				CLANG_WARN_EMPTY_BODY = YES;
				CLANG_WARN_ENUM_CONVERSION = YES;
				CLANG_WARN_INFINITE_RECURSION = YES;
				CLANG_WARN_INT_CONVERSION = YES;
				CLANG_WARN_NON_LITERAL_NULL_CONVERSION = YES;
				CLANG_WARN_OBJC_IMPLICIT_RETAIN_SELF = YES;
				CLANG_WARN_OBJC_LITERAL_CONVERSION = YES;
				CLANG_WARN_OBJC_ROOT_CLASS = YES_ERROR;
				CLANG_WARN_QUOTED_INCLUDE_IN_FRAMEWORK_HEADER = YES;
				CLANG_WARN_RANGE_LOOP_ANALYSIS = YES;
				CLANG_WARN_STRICT_PROTOTYPES = YES;
				CLANG_WARN_SUSPICIOUS_MOVE = YES;
				CLANG_WARN_UNGUARDED_AVAILABILITY = YES_AGGRESSIVE;
				CLANG_WARN_UNREACHABLE_CODE = YES;
				CLANG_WARN__DUPLICATE_METHOD_MATCH = YES;
				COPY_PHASE_STRIP = NO;
				DEBUG_INFORMATION_FORMAT = dwarf;
				ENABLE_STRICT_OBJC_MSGSEND = YES;
				ENABLE_TESTABILITY = YES;
				ENABLE_USER_SCRIPT_SANDBOXING = NO;
				GCC_C_LANGUAGE_STANDARD = gnu17;
				GCC_DYNAMIC_NO_PIC = NO;
				GCC_NO_COMMON_BLOCKS = YES;
				GCC_OPTIMIZATION_LEVEL = 0;
				GCC_PREPROCESSOR_DEFINITIONS = (
					"DEBUG=1",
					"$(inherited)",
				);
				GCC_WARN_64_TO_32_BIT_CONVERSION = YES;
				GCC_WARN_ABOUT_RETURN_TYPE = YES_ERROR;
				GCC_WARN_UNDECLARED_SELECTOR = YES;
				GCC_WARN_UNINITIALIZED_AUTOS = YES_AGGRESSIVE;
				GCC_WARN_UNUSED_FUNCTION = YES;
				GCC_WARN_UNUSED_VARIABLE = YES;
				IPHONEOS_DEPLOYMENT_TARGET = 17.4;
				LOCALIZATION_PREFERS_STRING_CATALOGS = YES;
				MTL_ENABLE_DEBUG_INFO = INCLUDE_SOURCE;
				MTL_FAST_MATH = YES;
				ONLY_ACTIVE_ARCH = YES;
				SDKROOT = iphoneos;
				SWIFT_ACTIVE_COMPILATION_CONDITIONS = "DEBUG PROD $(inherited)";
				SWIFT_OPTIMIZATION_LEVEL = "-Onone";
			};
			name = "Debug-Prod";
		};
		6588ACA12BA2F8BE006025D0 /* Debug-Prod */ = {
			isa = XCBuildConfiguration;
			buildSettings = {
				ASSETCATALOG_COMPILER_APPICON_NAME = AppIcon;
				ASSETCATALOG_COMPILER_GLOBAL_ACCENT_COLOR_NAME = AccentColor;
				CODE_SIGN_STYLE = Automatic;
				CURRENT_PROJECT_VERSION = 1;
				DEVELOPMENT_ASSET_PATHS = "\"BhagavadGita/Preview Content\"";
				DEVELOPMENT_TEAM = ZGQ7UMT9VT;
				ENABLE_PREVIEWS = YES;
				ENABLE_USER_SCRIPT_SANDBOXING = NO;
				GENERATE_INFOPLIST_FILE = YES;
				INFOPLIST_FILE = BhagavadGita/Info.plist;
				INFOPLIST_KEY_CFBundleDisplayName = "BG-Prod";
				INFOPLIST_KEY_UIApplicationSceneManifest_Generation = YES;
				INFOPLIST_KEY_UIApplicationSupportsIndirectInputEvents = YES;
				INFOPLIST_KEY_UILaunchScreen_Generation = YES;
				INFOPLIST_KEY_UISupportedInterfaceOrientations_iPad = "UIInterfaceOrientationPortrait UIInterfaceOrientationPortraitUpsideDown UIInterfaceOrientationLandscapeLeft UIInterfaceOrientationLandscapeRight";
				INFOPLIST_KEY_UISupportedInterfaceOrientations_iPhone = "UIInterfaceOrientationPortrait UIInterfaceOrientationLandscapeLeft UIInterfaceOrientationLandscapeRight";
				LD_RUNPATH_SEARCH_PATHS = (
					"$(inherited)",
					"@executable_path/Frameworks",
				);
				MARKETING_VERSION = 1.0;
				PRODUCT_BUNDLE_IDENTIFIER = com.ltts.BhagavadGita.prod;
				PRODUCT_NAME = "$(TARGET_NAME)";
				SWIFT_ACTIVE_COMPILATION_CONDITIONS = "DEBUG PROD $(inherited)";
				SWIFT_EMIT_LOC_STRINGS = YES;
				SWIFT_VERSION = 5.0;
				TARGETED_DEVICE_FAMILY = "1,2";
			};
			name = "Debug-Prod";
		};
		6588ACA22BA2F8BE006025D0 /* Debug-Prod */ = {
			isa = XCBuildConfiguration;
			buildSettings = {
				ALWAYS_EMBED_SWIFT_STANDARD_LIBRARIES = YES;
				BUNDLE_LOADER = "$(TEST_HOST)";
				CODE_SIGN_STYLE = Automatic;
				CURRENT_PROJECT_VERSION = 1;
				DEVELOPMENT_TEAM = ZGQ7UMT9VT;
				GENERATE_INFOPLIST_FILE = YES;
				IPHONEOS_DEPLOYMENT_TARGET = 17.4;
				MARKETING_VERSION = 1.0;
				PRODUCT_BUNDLE_IDENTIFIER = com.ltts.BhagavadGitaTests;
				PRODUCT_NAME = "$(TARGET_NAME)";
				SWIFT_EMIT_LOC_STRINGS = NO;
				SWIFT_VERSION = 5.0;
				TARGETED_DEVICE_FAMILY = "1,2";
				TEST_HOST = "$(BUILT_PRODUCTS_DIR)/BhagavadGita.app/$(BUNDLE_EXECUTABLE_FOLDER_PATH)/BhagavadGita";
			};
			name = "Debug-Prod";
		};
		6588ACA32BA2F8BE006025D0 /* Debug-Prod */ = {
			isa = XCBuildConfiguration;
			buildSettings = {
				ALWAYS_EMBED_SWIFT_STANDARD_LIBRARIES = YES;
				CODE_SIGN_STYLE = Automatic;
				CURRENT_PROJECT_VERSION = 1;
				DEVELOPMENT_TEAM = ZGQ7UMT9VT;
				GENERATE_INFOPLIST_FILE = YES;
				MARKETING_VERSION = 1.0;
				PRODUCT_BUNDLE_IDENTIFIER = com.ltts.BhagavadGitaUITests;
				PRODUCT_NAME = "$(TARGET_NAME)";
				SWIFT_EMIT_LOC_STRINGS = NO;
				SWIFT_VERSION = 5.0;
				TARGETED_DEVICE_FAMILY = "1,2";
				TEST_TARGET_NAME = BhagavadGita;
			};
			name = "Debug-Prod";
		};
		6588ACA42BA2F8F2006025D0 /* Release-Prod */ = {
			isa = XCBuildConfiguration;
			baseConfigurationReference = 6588ACB12BA2FAB4006025D0 /* BhagavadGita-Prod.xcconfig */;
			buildSettings = {
				ALWAYS_SEARCH_USER_PATHS = NO;
				ASSETCATALOG_COMPILER_GENERATE_SWIFT_ASSET_SYMBOL_EXTENSIONS = YES;
				CLANG_ANALYZER_NONNULL = YES;
				CLANG_ANALYZER_NUMBER_OBJECT_CONVERSION = YES_AGGRESSIVE;
				CLANG_CXX_LANGUAGE_STANDARD = "gnu++20";
				CLANG_ENABLE_MODULES = YES;
				CLANG_ENABLE_OBJC_ARC = YES;
				CLANG_ENABLE_OBJC_WEAK = YES;
				CLANG_WARN_BLOCK_CAPTURE_AUTORELEASING = YES;
				CLANG_WARN_BOOL_CONVERSION = YES;
				CLANG_WARN_COMMA = YES;
				CLANG_WARN_CONSTANT_CONVERSION = YES;
				CLANG_WARN_DEPRECATED_OBJC_IMPLEMENTATIONS = YES;
				CLANG_WARN_DIRECT_OBJC_ISA_USAGE = YES_ERROR;
				CLANG_WARN_DOCUMENTATION_COMMENTS = YES;
				CLANG_WARN_EMPTY_BODY = YES;
				CLANG_WARN_ENUM_CONVERSION = YES;
				CLANG_WARN_INFINITE_RECURSION = YES;
				CLANG_WARN_INT_CONVERSION = YES;
				CLANG_WARN_NON_LITERAL_NULL_CONVERSION = YES;
				CLANG_WARN_OBJC_IMPLICIT_RETAIN_SELF = YES;
				CLANG_WARN_OBJC_LITERAL_CONVERSION = YES;
				CLANG_WARN_OBJC_ROOT_CLASS = YES_ERROR;
				CLANG_WARN_QUOTED_INCLUDE_IN_FRAMEWORK_HEADER = YES;
				CLANG_WARN_RANGE_LOOP_ANALYSIS = YES;
				CLANG_WARN_STRICT_PROTOTYPES = YES;
				CLANG_WARN_SUSPICIOUS_MOVE = YES;
				CLANG_WARN_UNGUARDED_AVAILABILITY = YES_AGGRESSIVE;
				CLANG_WARN_UNREACHABLE_CODE = YES;
				CLANG_WARN__DUPLICATE_METHOD_MATCH = YES;
				COPY_PHASE_STRIP = NO;
				DEBUG_INFORMATION_FORMAT = "dwarf-with-dsym";
				ENABLE_NS_ASSERTIONS = NO;
				ENABLE_STRICT_OBJC_MSGSEND = YES;
				ENABLE_USER_SCRIPT_SANDBOXING = NO;
				GCC_C_LANGUAGE_STANDARD = gnu17;
				GCC_NO_COMMON_BLOCKS = YES;
				GCC_WARN_64_TO_32_BIT_CONVERSION = YES;
				GCC_WARN_ABOUT_RETURN_TYPE = YES_ERROR;
				GCC_WARN_UNDECLARED_SELECTOR = YES;
				GCC_WARN_UNINITIALIZED_AUTOS = YES_AGGRESSIVE;
				GCC_WARN_UNUSED_FUNCTION = YES;
				GCC_WARN_UNUSED_VARIABLE = YES;
				IPHONEOS_DEPLOYMENT_TARGET = 17.4;
				LOCALIZATION_PREFERS_STRING_CATALOGS = YES;
				MTL_ENABLE_DEBUG_INFO = NO;
				MTL_FAST_MATH = YES;
				SDKROOT = iphoneos;
				SWIFT_ACTIVE_COMPILATION_CONDITIONS = PROD;
				SWIFT_COMPILATION_MODE = wholemodule;
				VALIDATE_PRODUCT = YES;
			};
			name = "Release-Prod";
		};
		6588ACA52BA2F8F2006025D0 /* Release-Prod */ = {
			isa = XCBuildConfiguration;
			buildSettings = {
				ASSETCATALOG_COMPILER_APPICON_NAME = AppIcon;
				ASSETCATALOG_COMPILER_GLOBAL_ACCENT_COLOR_NAME = AccentColor;
				CODE_SIGN_STYLE = Automatic;
				CURRENT_PROJECT_VERSION = 1;
				DEVELOPMENT_ASSET_PATHS = "\"BhagavadGita/Preview Content\"";
				DEVELOPMENT_TEAM = ZGQ7UMT9VT;
				ENABLE_PREVIEWS = YES;
				ENABLE_USER_SCRIPT_SANDBOXING = NO;
				GENERATE_INFOPLIST_FILE = YES;
				INFOPLIST_FILE = BhagavadGita/Info.plist;
				INFOPLIST_KEY_CFBundleDisplayName = "BG-Prod";
				INFOPLIST_KEY_UIApplicationSceneManifest_Generation = YES;
				INFOPLIST_KEY_UIApplicationSupportsIndirectInputEvents = YES;
				INFOPLIST_KEY_UILaunchScreen_Generation = YES;
				INFOPLIST_KEY_UISupportedInterfaceOrientations_iPad = "UIInterfaceOrientationPortrait UIInterfaceOrientationPortraitUpsideDown UIInterfaceOrientationLandscapeLeft UIInterfaceOrientationLandscapeRight";
				INFOPLIST_KEY_UISupportedInterfaceOrientations_iPhone = "UIInterfaceOrientationPortrait UIInterfaceOrientationLandscapeLeft UIInterfaceOrientationLandscapeRight";
				LD_RUNPATH_SEARCH_PATHS = (
					"$(inherited)",
					"@executable_path/Frameworks",
				);
				MARKETING_VERSION = 1.0;
				PRODUCT_BUNDLE_IDENTIFIER = com.ltts.BhagavadGita.prod;
				PRODUCT_NAME = "$(TARGET_NAME)";
				SWIFT_ACTIVE_COMPILATION_CONDITIONS = PROD;
				SWIFT_EMIT_LOC_STRINGS = YES;
				SWIFT_VERSION = 5.0;
				TARGETED_DEVICE_FAMILY = "1,2";
			};
			name = "Release-Prod";
		};
		6588ACA62BA2F8F2006025D0 /* Release-Prod */ = {
			isa = XCBuildConfiguration;
			buildSettings = {
				ALWAYS_EMBED_SWIFT_STANDARD_LIBRARIES = YES;
				BUNDLE_LOADER = "$(TEST_HOST)";
				CODE_SIGN_STYLE = Automatic;
				CURRENT_PROJECT_VERSION = 1;
				DEVELOPMENT_TEAM = ZGQ7UMT9VT;
				GENERATE_INFOPLIST_FILE = YES;
				IPHONEOS_DEPLOYMENT_TARGET = 17.4;
				MARKETING_VERSION = 1.0;
				PRODUCT_BUNDLE_IDENTIFIER = com.ltts.BhagavadGitaTests;
				PRODUCT_NAME = "$(TARGET_NAME)";
				SWIFT_EMIT_LOC_STRINGS = NO;
				SWIFT_VERSION = 5.0;
				TARGETED_DEVICE_FAMILY = "1,2";
				TEST_HOST = "$(BUILT_PRODUCTS_DIR)/BhagavadGita.app/$(BUNDLE_EXECUTABLE_FOLDER_PATH)/BhagavadGita";
			};
			name = "Release-Prod";
		};
		6588ACA72BA2F8F2006025D0 /* Release-Prod */ = {
			isa = XCBuildConfiguration;
			buildSettings = {
				ALWAYS_EMBED_SWIFT_STANDARD_LIBRARIES = YES;
				CODE_SIGN_STYLE = Automatic;
				CURRENT_PROJECT_VERSION = 1;
				DEVELOPMENT_TEAM = ZGQ7UMT9VT;
				GENERATE_INFOPLIST_FILE = YES;
				MARKETING_VERSION = 1.0;
				PRODUCT_BUNDLE_IDENTIFIER = com.ltts.BhagavadGitaUITests;
				PRODUCT_NAME = "$(TARGET_NAME)";
				SWIFT_EMIT_LOC_STRINGS = NO;
				SWIFT_VERSION = 5.0;
				TARGETED_DEVICE_FAMILY = "1,2";
				TEST_TARGET_NAME = BhagavadGita;
			};
			name = "Release-Prod";
		};
		6588ACA82BA2F8F5006025D0 /* Release-QA */ = {
			isa = XCBuildConfiguration;
			baseConfigurationReference = 6588ACAF2BA2FAA1006025D0 /* BhagavadGita-QA.xcconfig */;
			buildSettings = {
				ALWAYS_SEARCH_USER_PATHS = NO;
				ASSETCATALOG_COMPILER_GENERATE_SWIFT_ASSET_SYMBOL_EXTENSIONS = YES;
				CLANG_ANALYZER_NONNULL = YES;
				CLANG_ANALYZER_NUMBER_OBJECT_CONVERSION = YES_AGGRESSIVE;
				CLANG_CXX_LANGUAGE_STANDARD = "gnu++20";
				CLANG_ENABLE_MODULES = YES;
				CLANG_ENABLE_OBJC_ARC = YES;
				CLANG_ENABLE_OBJC_WEAK = YES;
				CLANG_WARN_BLOCK_CAPTURE_AUTORELEASING = YES;
				CLANG_WARN_BOOL_CONVERSION = YES;
				CLANG_WARN_COMMA = YES;
				CLANG_WARN_CONSTANT_CONVERSION = YES;
				CLANG_WARN_DEPRECATED_OBJC_IMPLEMENTATIONS = YES;
				CLANG_WARN_DIRECT_OBJC_ISA_USAGE = YES_ERROR;
				CLANG_WARN_DOCUMENTATION_COMMENTS = YES;
				CLANG_WARN_EMPTY_BODY = YES;
				CLANG_WARN_ENUM_CONVERSION = YES;
				CLANG_WARN_INFINITE_RECURSION = YES;
				CLANG_WARN_INT_CONVERSION = YES;
				CLANG_WARN_NON_LITERAL_NULL_CONVERSION = YES;
				CLANG_WARN_OBJC_IMPLICIT_RETAIN_SELF = YES;
				CLANG_WARN_OBJC_LITERAL_CONVERSION = YES;
				CLANG_WARN_OBJC_ROOT_CLASS = YES_ERROR;
				CLANG_WARN_QUOTED_INCLUDE_IN_FRAMEWORK_HEADER = YES;
				CLANG_WARN_RANGE_LOOP_ANALYSIS = YES;
				CLANG_WARN_STRICT_PROTOTYPES = YES;
				CLANG_WARN_SUSPICIOUS_MOVE = YES;
				CLANG_WARN_UNGUARDED_AVAILABILITY = YES_AGGRESSIVE;
				CLANG_WARN_UNREACHABLE_CODE = YES;
				CLANG_WARN__DUPLICATE_METHOD_MATCH = YES;
				COPY_PHASE_STRIP = NO;
				DEBUG_INFORMATION_FORMAT = "dwarf-with-dsym";
				ENABLE_NS_ASSERTIONS = NO;
				ENABLE_STRICT_OBJC_MSGSEND = YES;
				ENABLE_USER_SCRIPT_SANDBOXING = NO;
				GCC_C_LANGUAGE_STANDARD = gnu17;
				GCC_NO_COMMON_BLOCKS = YES;
				GCC_WARN_64_TO_32_BIT_CONVERSION = YES;
				GCC_WARN_ABOUT_RETURN_TYPE = YES_ERROR;
				GCC_WARN_UNDECLARED_SELECTOR = YES;
				GCC_WARN_UNINITIALIZED_AUTOS = YES_AGGRESSIVE;
				GCC_WARN_UNUSED_FUNCTION = YES;
				GCC_WARN_UNUSED_VARIABLE = YES;
				IPHONEOS_DEPLOYMENT_TARGET = 17.4;
				LOCALIZATION_PREFERS_STRING_CATALOGS = YES;
				MTL_ENABLE_DEBUG_INFO = NO;
				MTL_FAST_MATH = YES;
				SDKROOT = iphoneos;
				SWIFT_ACTIVE_COMPILATION_CONDITIONS = QA;
				SWIFT_COMPILATION_MODE = wholemodule;
				VALIDATE_PRODUCT = YES;
			};
			name = "Release-QA";
		};
		6588ACA92BA2F8F5006025D0 /* Release-QA */ = {
			isa = XCBuildConfiguration;
			buildSettings = {
				ASSETCATALOG_COMPILER_APPICON_NAME = AppIcon;
				ASSETCATALOG_COMPILER_GLOBAL_ACCENT_COLOR_NAME = AccentColor;
				CODE_SIGN_STYLE = Automatic;
				CURRENT_PROJECT_VERSION = 1;
				DEVELOPMENT_ASSET_PATHS = "\"BhagavadGita/Preview Content\"";
				DEVELOPMENT_TEAM = ZGQ7UMT9VT;
				ENABLE_PREVIEWS = YES;
				ENABLE_USER_SCRIPT_SANDBOXING = NO;
				GENERATE_INFOPLIST_FILE = YES;
				INFOPLIST_FILE = BhagavadGita/Info.plist;
				INFOPLIST_KEY_CFBundleDisplayName = "BG-QA";
				INFOPLIST_KEY_UIApplicationSceneManifest_Generation = YES;
				INFOPLIST_KEY_UIApplicationSupportsIndirectInputEvents = YES;
				INFOPLIST_KEY_UILaunchScreen_Generation = YES;
				INFOPLIST_KEY_UISupportedInterfaceOrientations_iPad = "UIInterfaceOrientationPortrait UIInterfaceOrientationPortraitUpsideDown UIInterfaceOrientationLandscapeLeft UIInterfaceOrientationLandscapeRight";
				INFOPLIST_KEY_UISupportedInterfaceOrientations_iPhone = "UIInterfaceOrientationPortrait UIInterfaceOrientationLandscapeLeft UIInterfaceOrientationLandscapeRight";
				LD_RUNPATH_SEARCH_PATHS = (
					"$(inherited)",
					"@executable_path/Frameworks",
				);
				MARKETING_VERSION = 1.0;
				PRODUCT_BUNDLE_IDENTIFIER = com.ltts.BhagavadGita.qa;
				PRODUCT_NAME = "$(TARGET_NAME)";
				SWIFT_ACTIVE_COMPILATION_CONDITIONS = QA;
				SWIFT_EMIT_LOC_STRINGS = YES;
				SWIFT_VERSION = 5.0;
				TARGETED_DEVICE_FAMILY = "1,2";
			};
			name = "Release-QA";
		};
		6588ACAA2BA2F8F5006025D0 /* Release-QA */ = {
			isa = XCBuildConfiguration;
			buildSettings = {
				ALWAYS_EMBED_SWIFT_STANDARD_LIBRARIES = YES;
				BUNDLE_LOADER = "$(TEST_HOST)";
				CODE_SIGN_STYLE = Automatic;
				CURRENT_PROJECT_VERSION = 1;
				DEVELOPMENT_TEAM = ZGQ7UMT9VT;
				GENERATE_INFOPLIST_FILE = YES;
				IPHONEOS_DEPLOYMENT_TARGET = 17.4;
				MARKETING_VERSION = 1.0;
				PRODUCT_BUNDLE_IDENTIFIER = com.ltts.BhagavadGitaTests;
				PRODUCT_NAME = "$(TARGET_NAME)";
				SWIFT_EMIT_LOC_STRINGS = NO;
				SWIFT_VERSION = 5.0;
				TARGETED_DEVICE_FAMILY = "1,2";
				TEST_HOST = "$(BUILT_PRODUCTS_DIR)/BhagavadGita.app/$(BUNDLE_EXECUTABLE_FOLDER_PATH)/BhagavadGita";
			};
			name = "Release-QA";
		};
		6588ACAB2BA2F8F5006025D0 /* Release-QA */ = {
			isa = XCBuildConfiguration;
			buildSettings = {
				ALWAYS_EMBED_SWIFT_STANDARD_LIBRARIES = YES;
				CODE_SIGN_STYLE = Automatic;
				CURRENT_PROJECT_VERSION = 1;
				DEVELOPMENT_TEAM = ZGQ7UMT9VT;
				GENERATE_INFOPLIST_FILE = YES;
				MARKETING_VERSION = 1.0;
				PRODUCT_BUNDLE_IDENTIFIER = com.ltts.BhagavadGitaUITests;
				PRODUCT_NAME = "$(TARGET_NAME)";
				SWIFT_EMIT_LOC_STRINGS = NO;
				SWIFT_VERSION = 5.0;
				TARGETED_DEVICE_FAMILY = "1,2";
				TEST_TARGET_NAME = BhagavadGita;
			};
			name = "Release-QA";
		};
		65BB94FC2BA1D39500776ABC /* Debug-Dev */ = {
			isa = XCBuildConfiguration;
			baseConfigurationReference = 6588ACAD2BA2FA8A006025D0 /* BhagavadGita-Dev.xcconfig */;
			buildSettings = {
				ALWAYS_SEARCH_USER_PATHS = NO;
				ASSETCATALOG_COMPILER_GENERATE_SWIFT_ASSET_SYMBOL_EXTENSIONS = YES;
				CLANG_ANALYZER_NONNULL = YES;
				CLANG_ANALYZER_NUMBER_OBJECT_CONVERSION = YES_AGGRESSIVE;
				CLANG_CXX_LANGUAGE_STANDARD = "gnu++20";
				CLANG_ENABLE_MODULES = YES;
				CLANG_ENABLE_OBJC_ARC = YES;
				CLANG_ENABLE_OBJC_WEAK = YES;
				CLANG_WARN_BLOCK_CAPTURE_AUTORELEASING = YES;
				CLANG_WARN_BOOL_CONVERSION = YES;
				CLANG_WARN_COMMA = YES;
				CLANG_WARN_CONSTANT_CONVERSION = YES;
				CLANG_WARN_DEPRECATED_OBJC_IMPLEMENTATIONS = YES;
				CLANG_WARN_DIRECT_OBJC_ISA_USAGE = YES_ERROR;
				CLANG_WARN_DOCUMENTATION_COMMENTS = YES;
				CLANG_WARN_EMPTY_BODY = YES;
				CLANG_WARN_ENUM_CONVERSION = YES;
				CLANG_WARN_INFINITE_RECURSION = YES;
				CLANG_WARN_INT_CONVERSION = YES;
				CLANG_WARN_NON_LITERAL_NULL_CONVERSION = YES;
				CLANG_WARN_OBJC_IMPLICIT_RETAIN_SELF = YES;
				CLANG_WARN_OBJC_LITERAL_CONVERSION = YES;
				CLANG_WARN_OBJC_ROOT_CLASS = YES_ERROR;
				CLANG_WARN_QUOTED_INCLUDE_IN_FRAMEWORK_HEADER = YES;
				CLANG_WARN_RANGE_LOOP_ANALYSIS = YES;
				CLANG_WARN_STRICT_PROTOTYPES = YES;
				CLANG_WARN_SUSPICIOUS_MOVE = YES;
				CLANG_WARN_UNGUARDED_AVAILABILITY = YES_AGGRESSIVE;
				CLANG_WARN_UNREACHABLE_CODE = YES;
				CLANG_WARN__DUPLICATE_METHOD_MATCH = YES;
				COPY_PHASE_STRIP = NO;
				DEBUG_INFORMATION_FORMAT = dwarf;
				ENABLE_STRICT_OBJC_MSGSEND = YES;
				ENABLE_TESTABILITY = YES;
				ENABLE_USER_SCRIPT_SANDBOXING = NO;
				GCC_C_LANGUAGE_STANDARD = gnu17;
				GCC_DYNAMIC_NO_PIC = NO;
				GCC_NO_COMMON_BLOCKS = YES;
				GCC_OPTIMIZATION_LEVEL = 0;
				GCC_PREPROCESSOR_DEFINITIONS = (
					"DEBUG=1",
					"$(inherited)",
				);
				GCC_WARN_64_TO_32_BIT_CONVERSION = YES;
				GCC_WARN_ABOUT_RETURN_TYPE = YES_ERROR;
				GCC_WARN_UNDECLARED_SELECTOR = YES;
				GCC_WARN_UNINITIALIZED_AUTOS = YES_AGGRESSIVE;
				GCC_WARN_UNUSED_FUNCTION = YES;
				GCC_WARN_UNUSED_VARIABLE = YES;
				IPHONEOS_DEPLOYMENT_TARGET = 17.4;
				LOCALIZATION_PREFERS_STRING_CATALOGS = YES;
				MTL_ENABLE_DEBUG_INFO = INCLUDE_SOURCE;
				MTL_FAST_MATH = YES;
				ONLY_ACTIVE_ARCH = YES;
				SDKROOT = iphoneos;
				SWIFT_ACTIVE_COMPILATION_CONDITIONS = "DEBUG DEV $(inherited)";
				SWIFT_OPTIMIZATION_LEVEL = "-Onone";
			};
			name = "Debug-Dev";
		};
		65BB94FD2BA1D39500776ABC /* Release-Dev */ = {
			isa = XCBuildConfiguration;
			baseConfigurationReference = 6588ACAD2BA2FA8A006025D0 /* BhagavadGita-Dev.xcconfig */;
			buildSettings = {
				ALWAYS_SEARCH_USER_PATHS = NO;
				ASSETCATALOG_COMPILER_GENERATE_SWIFT_ASSET_SYMBOL_EXTENSIONS = YES;
				CLANG_ANALYZER_NONNULL = YES;
				CLANG_ANALYZER_NUMBER_OBJECT_CONVERSION = YES_AGGRESSIVE;
				CLANG_CXX_LANGUAGE_STANDARD = "gnu++20";
				CLANG_ENABLE_MODULES = YES;
				CLANG_ENABLE_OBJC_ARC = YES;
				CLANG_ENABLE_OBJC_WEAK = YES;
				CLANG_WARN_BLOCK_CAPTURE_AUTORELEASING = YES;
				CLANG_WARN_BOOL_CONVERSION = YES;
				CLANG_WARN_COMMA = YES;
				CLANG_WARN_CONSTANT_CONVERSION = YES;
				CLANG_WARN_DEPRECATED_OBJC_IMPLEMENTATIONS = YES;
				CLANG_WARN_DIRECT_OBJC_ISA_USAGE = YES_ERROR;
				CLANG_WARN_DOCUMENTATION_COMMENTS = YES;
				CLANG_WARN_EMPTY_BODY = YES;
				CLANG_WARN_ENUM_CONVERSION = YES;
				CLANG_WARN_INFINITE_RECURSION = YES;
				CLANG_WARN_INT_CONVERSION = YES;
				CLANG_WARN_NON_LITERAL_NULL_CONVERSION = YES;
				CLANG_WARN_OBJC_IMPLICIT_RETAIN_SELF = YES;
				CLANG_WARN_OBJC_LITERAL_CONVERSION = YES;
				CLANG_WARN_OBJC_ROOT_CLASS = YES_ERROR;
				CLANG_WARN_QUOTED_INCLUDE_IN_FRAMEWORK_HEADER = YES;
				CLANG_WARN_RANGE_LOOP_ANALYSIS = YES;
				CLANG_WARN_STRICT_PROTOTYPES = YES;
				CLANG_WARN_SUSPICIOUS_MOVE = YES;
				CLANG_WARN_UNGUARDED_AVAILABILITY = YES_AGGRESSIVE;
				CLANG_WARN_UNREACHABLE_CODE = YES;
				CLANG_WARN__DUPLICATE_METHOD_MATCH = YES;
				COPY_PHASE_STRIP = NO;
				DEBUG_INFORMATION_FORMAT = "dwarf-with-dsym";
				ENABLE_NS_ASSERTIONS = NO;
				ENABLE_STRICT_OBJC_MSGSEND = YES;
				ENABLE_USER_SCRIPT_SANDBOXING = NO;
				GCC_C_LANGUAGE_STANDARD = gnu17;
				GCC_NO_COMMON_BLOCKS = YES;
				GCC_WARN_64_TO_32_BIT_CONVERSION = YES;
				GCC_WARN_ABOUT_RETURN_TYPE = YES_ERROR;
				GCC_WARN_UNDECLARED_SELECTOR = YES;
				GCC_WARN_UNINITIALIZED_AUTOS = YES_AGGRESSIVE;
				GCC_WARN_UNUSED_FUNCTION = YES;
				GCC_WARN_UNUSED_VARIABLE = YES;
				IPHONEOS_DEPLOYMENT_TARGET = 17.4;
				LOCALIZATION_PREFERS_STRING_CATALOGS = YES;
				MTL_ENABLE_DEBUG_INFO = NO;
				MTL_FAST_MATH = YES;
				SDKROOT = iphoneos;
				SWIFT_ACTIVE_COMPILATION_CONDITIONS = DEV;
				SWIFT_COMPILATION_MODE = wholemodule;
				VALIDATE_PRODUCT = YES;
			};
			name = "Release-Dev";
		};
		65BB94FF2BA1D39500776ABC /* Debug-Dev */ = {
			isa = XCBuildConfiguration;
			buildSettings = {
				ASSETCATALOG_COMPILER_APPICON_NAME = AppIcon;
				ASSETCATALOG_COMPILER_GLOBAL_ACCENT_COLOR_NAME = AccentColor;
				CODE_SIGN_STYLE = Automatic;
				CURRENT_PROJECT_VERSION = 1;
				DEVELOPMENT_ASSET_PATHS = "\"BhagavadGita/Preview Content\"";
				DEVELOPMENT_TEAM = ZGQ7UMT9VT;
				ENABLE_PREVIEWS = YES;
				ENABLE_USER_SCRIPT_SANDBOXING = NO;
				GENERATE_INFOPLIST_FILE = YES;
				INFOPLIST_FILE = BhagavadGita/Info.plist;
				INFOPLIST_KEY_CFBundleDisplayName = "BG-Dev";
				INFOPLIST_KEY_UIApplicationSceneManifest_Generation = YES;
				INFOPLIST_KEY_UIApplicationSupportsIndirectInputEvents = YES;
				INFOPLIST_KEY_UILaunchScreen_Generation = YES;
				INFOPLIST_KEY_UISupportedInterfaceOrientations_iPad = "UIInterfaceOrientationPortrait UIInterfaceOrientationPortraitUpsideDown UIInterfaceOrientationLandscapeLeft UIInterfaceOrientationLandscapeRight";
				INFOPLIST_KEY_UISupportedInterfaceOrientations_iPhone = "UIInterfaceOrientationPortrait UIInterfaceOrientationLandscapeLeft UIInterfaceOrientationLandscapeRight";
				LD_RUNPATH_SEARCH_PATHS = (
					"$(inherited)",
					"@executable_path/Frameworks",
				);
				MARKETING_VERSION = 1.0;
				PRODUCT_BUNDLE_IDENTIFIER = com.ltts.BhagavadGita.dev;
				PRODUCT_NAME = "$(TARGET_NAME)";
				SWIFT_ACTIVE_COMPILATION_CONDITIONS = "DEBUG DEV $(inherited)";
				SWIFT_EMIT_LOC_STRINGS = YES;
				SWIFT_VERSION = 5.0;
				TARGETED_DEVICE_FAMILY = "1,2";
			};
			name = "Debug-Dev";
		};
		65BB95002BA1D39500776ABC /* Release-Dev */ = {
			isa = XCBuildConfiguration;
			buildSettings = {
				ASSETCATALOG_COMPILER_APPICON_NAME = AppIcon;
				ASSETCATALOG_COMPILER_GLOBAL_ACCENT_COLOR_NAME = AccentColor;
				CODE_SIGN_STYLE = Automatic;
				CURRENT_PROJECT_VERSION = 1;
				DEVELOPMENT_ASSET_PATHS = "\"BhagavadGita/Preview Content\"";
				DEVELOPMENT_TEAM = ZGQ7UMT9VT;
				ENABLE_PREVIEWS = YES;
				ENABLE_USER_SCRIPT_SANDBOXING = NO;
				GENERATE_INFOPLIST_FILE = YES;
				INFOPLIST_FILE = BhagavadGita/Info.plist;
				INFOPLIST_KEY_CFBundleDisplayName = "BG-Dev";
				INFOPLIST_KEY_UIApplicationSceneManifest_Generation = YES;
				INFOPLIST_KEY_UIApplicationSupportsIndirectInputEvents = YES;
				INFOPLIST_KEY_UILaunchScreen_Generation = YES;
				INFOPLIST_KEY_UISupportedInterfaceOrientations_iPad = "UIInterfaceOrientationPortrait UIInterfaceOrientationPortraitUpsideDown UIInterfaceOrientationLandscapeLeft UIInterfaceOrientationLandscapeRight";
				INFOPLIST_KEY_UISupportedInterfaceOrientations_iPhone = "UIInterfaceOrientationPortrait UIInterfaceOrientationLandscapeLeft UIInterfaceOrientationLandscapeRight";
				LD_RUNPATH_SEARCH_PATHS = (
					"$(inherited)",
					"@executable_path/Frameworks",
				);
				MARKETING_VERSION = 1.0;
				PRODUCT_BUNDLE_IDENTIFIER = com.ltts.BhagavadGita.dev;
				PRODUCT_NAME = "$(TARGET_NAME)";
				SWIFT_ACTIVE_COMPILATION_CONDITIONS = DEV;
				SWIFT_EMIT_LOC_STRINGS = YES;
				SWIFT_VERSION = 5.0;
				TARGETED_DEVICE_FAMILY = "1,2";
			};
			name = "Release-Dev";
		};
		65BB95022BA1D39500776ABC /* Debug-Dev */ = {
			isa = XCBuildConfiguration;
			buildSettings = {
				ALWAYS_EMBED_SWIFT_STANDARD_LIBRARIES = YES;
				BUNDLE_LOADER = "$(TEST_HOST)";
				CODE_SIGN_STYLE = Automatic;
				CURRENT_PROJECT_VERSION = 1;
				DEVELOPMENT_TEAM = ZGQ7UMT9VT;
				GENERATE_INFOPLIST_FILE = YES;
				IPHONEOS_DEPLOYMENT_TARGET = 17.4;
				MARKETING_VERSION = 1.0;
				PRODUCT_BUNDLE_IDENTIFIER = com.ltts.BhagavadGitaTests;
				PRODUCT_NAME = "$(TARGET_NAME)";
				SWIFT_EMIT_LOC_STRINGS = NO;
				SWIFT_VERSION = 5.0;
				TARGETED_DEVICE_FAMILY = "1,2";
				TEST_HOST = "$(BUILT_PRODUCTS_DIR)/BhagavadGita.app/$(BUNDLE_EXECUTABLE_FOLDER_PATH)/BhagavadGita";
			};
			name = "Debug-Dev";
		};
		65BB95032BA1D39500776ABC /* Release-Dev */ = {
			isa = XCBuildConfiguration;
			buildSettings = {
				ALWAYS_EMBED_SWIFT_STANDARD_LIBRARIES = YES;
				BUNDLE_LOADER = "$(TEST_HOST)";
				CODE_SIGN_STYLE = Automatic;
				CURRENT_PROJECT_VERSION = 1;
				DEVELOPMENT_TEAM = ZGQ7UMT9VT;
				GENERATE_INFOPLIST_FILE = YES;
				IPHONEOS_DEPLOYMENT_TARGET = 17.4;
				MARKETING_VERSION = 1.0;
				PRODUCT_BUNDLE_IDENTIFIER = com.ltts.BhagavadGitaTests;
				PRODUCT_NAME = "$(TARGET_NAME)";
				SWIFT_EMIT_LOC_STRINGS = NO;
				SWIFT_VERSION = 5.0;
				TARGETED_DEVICE_FAMILY = "1,2";
				TEST_HOST = "$(BUILT_PRODUCTS_DIR)/BhagavadGita.app/$(BUNDLE_EXECUTABLE_FOLDER_PATH)/BhagavadGita";
			};
			name = "Release-Dev";
		};
		65BB95052BA1D39500776ABC /* Debug-Dev */ = {
			isa = XCBuildConfiguration;
			buildSettings = {
				ALWAYS_EMBED_SWIFT_STANDARD_LIBRARIES = YES;
				CODE_SIGN_STYLE = Automatic;
				CURRENT_PROJECT_VERSION = 1;
				DEVELOPMENT_TEAM = ZGQ7UMT9VT;
				GENERATE_INFOPLIST_FILE = YES;
				MARKETING_VERSION = 1.0;
				PRODUCT_BUNDLE_IDENTIFIER = com.ltts.BhagavadGitaUITests;
				PRODUCT_NAME = "$(TARGET_NAME)";
				SWIFT_EMIT_LOC_STRINGS = NO;
				SWIFT_VERSION = 5.0;
				TARGETED_DEVICE_FAMILY = "1,2";
				TEST_TARGET_NAME = BhagavadGita;
			};
			name = "Debug-Dev";
		};
		65BB95062BA1D39500776ABC /* Release-Dev */ = {
			isa = XCBuildConfiguration;
			buildSettings = {
				ALWAYS_EMBED_SWIFT_STANDARD_LIBRARIES = YES;
				CODE_SIGN_STYLE = Automatic;
				CURRENT_PROJECT_VERSION = 1;
				DEVELOPMENT_TEAM = ZGQ7UMT9VT;
				GENERATE_INFOPLIST_FILE = YES;
				MARKETING_VERSION = 1.0;
				PRODUCT_BUNDLE_IDENTIFIER = com.ltts.BhagavadGitaUITests;
				PRODUCT_NAME = "$(TARGET_NAME)";
				SWIFT_EMIT_LOC_STRINGS = NO;
				SWIFT_VERSION = 5.0;
				TARGETED_DEVICE_FAMILY = "1,2";
				TEST_TARGET_NAME = BhagavadGita;
			};
			name = "Release-Dev";
		};
/* End XCBuildConfiguration section */

/* Begin XCConfigurationList section */
		65BB94D52BA1D39000776ABC /* Build configuration list for PBXProject "BhagavadGita" */ = {
			isa = XCConfigurationList;
			buildConfigurations = (
				65BB94FC2BA1D39500776ABC /* Debug-Dev */,
				6588ACA02BA2F8BE006025D0 /* Debug-Prod */,
				6588AC9C2BA2F8B3006025D0 /* Debug-QA */,
				65BB94FD2BA1D39500776ABC /* Release-Dev */,
				6588ACA82BA2F8F5006025D0 /* Release-QA */,
				6588ACA42BA2F8F2006025D0 /* Release-Prod */,
			);
			defaultConfigurationIsVisible = 0;
			defaultConfigurationName = "Release-Dev";
		};
		65BB94FE2BA1D39500776ABC /* Build configuration list for PBXNativeTarget "BhagavadGita" */ = {
			isa = XCConfigurationList;
			buildConfigurations = (
				65BB94FF2BA1D39500776ABC /* Debug-Dev */,
				6588ACA12BA2F8BE006025D0 /* Debug-Prod */,
				6588AC9D2BA2F8B3006025D0 /* Debug-QA */,
				65BB95002BA1D39500776ABC /* Release-Dev */,
				6588ACA92BA2F8F5006025D0 /* Release-QA */,
				6588ACA52BA2F8F2006025D0 /* Release-Prod */,
			);
			defaultConfigurationIsVisible = 0;
			defaultConfigurationName = "Release-Dev";
		};
		65BB95012BA1D39500776ABC /* Build configuration list for PBXNativeTarget "BhagavadGitaTests" */ = {
			isa = XCConfigurationList;
			buildConfigurations = (
				65BB95022BA1D39500776ABC /* Debug-Dev */,
				6588ACA22BA2F8BE006025D0 /* Debug-Prod */,
				6588AC9E2BA2F8B3006025D0 /* Debug-QA */,
				65BB95032BA1D39500776ABC /* Release-Dev */,
				6588ACAA2BA2F8F5006025D0 /* Release-QA */,
				6588ACA62BA2F8F2006025D0 /* Release-Prod */,
			);
			defaultConfigurationIsVisible = 0;
			defaultConfigurationName = "Release-Dev";
		};
		65BB95042BA1D39500776ABC /* Build configuration list for PBXNativeTarget "BhagavadGitaUITests" */ = {
			isa = XCConfigurationList;
			buildConfigurations = (
				65BB95052BA1D39500776ABC /* Debug-Dev */,
				6588ACA32BA2F8BE006025D0 /* Debug-Prod */,
				6588AC9F2BA2F8B3006025D0 /* Debug-QA */,
				65BB95062BA1D39500776ABC /* Release-Dev */,
				6588ACAB2BA2F8F5006025D0 /* Release-QA */,
				6588ACA72BA2F8F2006025D0 /* Release-Prod */,
			);
			defaultConfigurationIsVisible = 0;
			defaultConfigurationName = "Release-Dev";
		};
/* End XCConfigurationList section */

/* Begin XCRemoteSwiftPackageReference section */
		6588AC8C2BA2B29C006025D0 /* XCRemoteSwiftPackageReference "BGUtility" */ = {
			isa = XCRemoteSwiftPackageReference;
			repositoryURL = "https://github.com/SalvikarRahul/BGUtility.git";
			requirement = {
				kind = upToNextMajorVersion;
				minimumVersion = 1.0.1;
			};
		};
		6588AC902BA2D53E006025D0 /* XCRemoteSwiftPackageReference "SwiftyBeaver" */ = {
			isa = XCRemoteSwiftPackageReference;
			repositoryURL = "https://github.com/SwiftyBeaver/SwiftyBeaver";
			requirement = {
				kind = upToNextMajorVersion;
				minimumVersion = 2.0.0;
			};
		};
		6588AC972BA2DF29006025D0 /* XCRemoteSwiftPackageReference "Swinject" */ = {
			isa = XCRemoteSwiftPackageReference;
			repositoryURL = "https://github.com/Swinject/Swinject";
			requirement = {
				kind = upToNextMajorVersion;
				minimumVersion = 2.8.4;
			};
		};
		6588ACB62BA327CD006025D0 /* XCRemoteSwiftPackageReference "firebase-ios-sdk" */ = {
			isa = XCRemoteSwiftPackageReference;
			repositoryURL = "https://github.com/firebase/firebase-ios-sdk";
			requirement = {
				kind = upToNextMajorVersion;
				minimumVersion = 10.22.1;
			};
		};
/* End XCRemoteSwiftPackageReference section */

/* Begin XCSwiftPackageProductDependency section */
		6588AC8D2BA2B3B2006025D0 /* BGUtility */ = {
			isa = XCSwiftPackageProductDependency;
			package = 6588AC8C2BA2B29C006025D0 /* XCRemoteSwiftPackageReference "BGUtility" */;
			productName = BGUtility;
		};
		6588AC912BA2D53E006025D0 /* SwiftyBeaver */ = {
			isa = XCSwiftPackageProductDependency;
			package = 6588AC902BA2D53E006025D0 /* XCRemoteSwiftPackageReference "SwiftyBeaver" */;
			productName = SwiftyBeaver;
		};
		6588AC982BA2DF29006025D0 /* Swinject */ = {
			isa = XCSwiftPackageProductDependency;
			package = 6588AC972BA2DF29006025D0 /* XCRemoteSwiftPackageReference "Swinject" */;
			productName = Swinject;
		};
		6588ACB72BA327CD006025D0 /* FirebaseAnalytics */ = {
			isa = XCSwiftPackageProductDependency;
			package = 6588ACB62BA327CD006025D0 /* XCRemoteSwiftPackageReference "firebase-ios-sdk" */;
			productName = FirebaseAnalytics;
		};
		6588ACB92BA327CD006025D0 /* FirebaseCrashlytics */ = {
			isa = XCSwiftPackageProductDependency;
			package = 6588ACB62BA327CD006025D0 /* XCRemoteSwiftPackageReference "firebase-ios-sdk" */;
			productName = FirebaseCrashlytics;
		};
/* End XCSwiftPackageProductDependency section */
	};
	rootObject = 65BB94D22BA1D39000776ABC /* Project object */;
}
